{
  "nodes": {
    "crane": {
      "inputs": {
        "flake-compat": "flake-compat",
        "flake-utils": "flake-utils",
        "nixpkgs": [
          "git-ce",
          "nixpkgs"
        ],
        "rust-overlay": "rust-overlay"
      },
      "locked": {
        "lastModified": 1688082682,
        "narHash": "sha256-nMG/A7qYm9pyHJowKuaNmNYgo748xZrzMJPqtoGozSA=",
        "owner": "ipetkov",
        "repo": "crane",
        "rev": "4d350bb94fdf8ec9d2e22d68bb13e136d73aa9d8",
        "type": "github"
      },
      "original": {
        "owner": "ipetkov",
        "repo": "crane",
        "type": "github"
      }
    },
    "flake-compat": {
      "flake": false,
      "locked": {
        "lastModified": 1673956053,
        "narHash": "sha256-4gtG9iQuiKITOjNQQeQIpoIB6b16fm+504Ch3sNKLd8=",
        "owner": "edolstra",
        "repo": "flake-compat",
        "rev": "35bb57c0c8d8b62bbfd284272c928ceb64ddbde9",
        "type": "github"
      },
      "original": {
        "owner": "edolstra",
        "repo": "flake-compat",
        "type": "github"
      }
    },
    "flake-utils": {
      "inputs": {
        "systems": "systems"
      },
      "locked": {
        "lastModified": 1685518550,
        "narHash": "sha256-o2d0KcvaXzTrPRIo0kOLV0/QXHhDQ5DTi+OxcjO8xqY=",
        "owner": "numtide",
        "repo": "flake-utils",
        "rev": "a1720a10a6cfe8234c0e93907ffe81be440f4cef",
        "type": "github"
      },
      "original": {
        "owner": "numtide",
        "repo": "flake-utils",
        "type": "github"
      }
    },
    "flake-utils_2": {
      "inputs": {
        "systems": "systems_2"
      },
      "locked": {
        "lastModified": 1687709756,
        "narHash": "sha256-Y5wKlQSkgEK2weWdOu4J3riRd+kV/VCgHsqLNTTWQ/0=",
        "owner": "numtide",
        "repo": "flake-utils",
        "rev": "dbabf0ca0c0c4bce6ea5eaf65af5cb694d2082c7",
        "type": "github"
      },
      "original": {
        "owner": "numtide",
        "repo": "flake-utils",
        "type": "github"
      }
    },
    "git-ce": {
      "inputs": {
        "crane": "crane",
        "flake-utils": "flake-utils_2",
        "nixpkgs": "nixpkgs"
      },
      "locked": {
        "lastModified": 1688400207,
        "narHash": "sha256-DLcEyGBCRxy3/bAWhEcPLUIzjqbPzTRhnAlheJU8zw4=",
        "owner": "ethanholz",
        "repo": "git-ce",
        "rev": "21c54979ce56c69758299c6002ba373686848277",
        "type": "github"
      },
      "original": {
        "owner": "ethanholz",
        "repo": "git-ce",
        "type": "github"
      }
    },
    "home-manager": {
      "inputs": {
        "nixpkgs": [
          "nixpkgs"
        ]
      },
      "locked": {
        "lastModified": 1688396410,
        "narHash": "sha256-LVS+b806E8enHpZxqJBecz814qKd6Kc69j4nW4swfBI=",
        "owner": "nix-community",
        "repo": "home-manager",
        "rev": "8c66b46a86afa21763766ef97d7c8be5f3954e2b",
        "type": "github"
      },
      "original": {
        "owner": "nix-community",
        "repo": "home-manager",
        "type": "github"
      }
    },
    "nixpkgs": {
      "locked": {
        "lastModified": 1687977148,
        "narHash": "sha256-gUcXiU2GgjYIc65GOIemdBJZ+lkQxuyIh7OkR9j0gCo=",
        "owner": "NixOS",
        "repo": "nixpkgs",
        "rev": "60a783e00517fce85c42c8c53fe0ed05ded5b2a4",
        "type": "github"
      },
      "original": {
        "owner": "NixOS",
        "ref": "nixpkgs-unstable",
        "repo": "nixpkgs",
        "type": "github"
      }
    },
    "nixpkgs_2": {
      "locked": {
        "lastModified": 1688231357,
        "narHash": "sha256-ZOn16X5jZ6X5ror58gOJAxPfFLAQhZJ6nOUeS4tfFwo=",
        "owner": "nixos",
        "repo": "nixpkgs",
        "rev": "645ff62e09d294a30de823cb568e9c6d68e92606",
        "type": "github"
      },
      "original": {
        "owner": "nixos",
        "ref": "nixos-unstable",
        "repo": "nixpkgs",
        "type": "github"
      }
    },
    "root": {
      "inputs": {
        "git-ce": "git-ce",
        "home-manager": "home-manager",
        "nixpkgs": "nixpkgs_2"
      }
    },
    "rust-overlay": {
      "inputs": {
        "flake-utils": [
          "git-ce",
          "crane",
          "flake-utils"
        ],
        "nixpkgs": [
          "git-ce",
          "crane",
          "nixpkgs"
        ]
      },
      "locked": {
        "lastModified": 1685759304,
        "narHash": "sha256-I3YBH6MS3G5kGzNuc1G0f9uYfTcNY9NYoRc3QsykLk4=",
        "owner": "oxalica",
        "repo": "rust-overlay",
        "rev": "c535b4f3327910c96dcf21851bbdd074d0760290",
        "type": "github"
      },
      "original": {
        "owner": "oxalica",
        "repo": "rust-overlay",
        "type": "github"
      }
    },
    "systems": {
      "locked": {
        "lastModified": 1681028828,
        "narHash": "sha256-Vy1rq5AaRuLzOxct8nz4T6wlgyUR7zLU309k9mBC768=",
        "owner": "nix-systems",
        "repo": "default",
        "rev": "da67096a3b9bf56a91d16901293e51ba5b49a27e",
        "type": "github"
      },
      "original": {
        "owner": "nix-systems",
        "repo": "default",
        "type": "github"
      }
    },
    "systems_2": {
      "locked": {
        "lastModified": 1681028828,
        "narHash": "sha256-Vy1rq5AaRuLzOxct8nz4T6wlgyUR7zLU309k9mBC768=",
        "owner": "nix-systems",
        "repo": "default",
        "rev": "da67096a3b9bf56a91d16901293e51ba5b49a27e",
        "type": "github"
      },
      "original": {
        "owner": "nix-systems",
        "repo": "default",
        "type": "github"
      }
    }
  },
  "root": "root",
  "version": 7
}
